{
  "name": "e-learning",
  "version": "0.1.0",
  "lockfileVersion": 3,
  "requires": true,
  "packages": {
    "": {
      "name": "e-learning",
      "version": "0.1.0",
      "dependencies": {
        "next": "14.0.0",
        "react": "^18",
        "react-dom": "^18",
        "router": "^1.3.8"
      },
      "devDependencies": {
        "@types/node": "^20",
        "@types/react": "^18",
        "@types/react-dom": "^18",
        "typescript": "^5"
      }
    },
    "node_modules/@next/env": {
      "version": "14.0.0",
      "resolved": "http://ec2-65-0-18-97.ap-south-1.compute.amazonaws.com:4873/@next%2fenv/-/env-14.0.0.tgz",
      "integrity": "sha512-cIKhxkfVELB6hFjYsbtEeTus2mwrTC+JissfZYM0n+8Fv+g8ucUfOlm3VEDtwtwydZ0Nuauv3bl0qF82nnCAqA==",
      "license": "MIT"
    },
    "node_modules/@next/swc-darwin-arm64": {
      "version": "14.0.0",
      "resolved": "http://ec2-65-0-18-97.ap-south-1.compute.amazonaws.com:4873/@next%2fswc-darwin-arm64/-/swc-darwin-arm64-14.0.0.tgz",
      "integrity": "sha512-HQKi159jCz4SRsPesVCiNN6tPSAFUkOuSkpJsqYTIlbHLKr1mD6be/J0TvWV6fwJekj81bZV9V/Tgx3C2HO9lA==",
      "cpu": [
        "arm64"
      ],
      "license": "MIT",
      "optional": true,
      "os": [
        "darwin"
      ],
      "engines": {
        "node": ">= 10"
      }
    },
    "node_modules/@next/swc-darwin-x64": {
      "version": "14.0.0",
      "resolved": "http://ec2-65-0-18-97.ap-south-1.compute.amazonaws.com:4873/@next%2fswc-darwin-x64/-/swc-darwin-x64-14.0.0.tgz",
      "integrity": "sha512-4YyQLMSaCgX/kgC1jjF3s3xSoBnwHuDhnF6WA1DWNEYRsbOOPWjcYhv8TKhRe2ApdOam+VfQSffC4ZD+X4u1Cg==",
      "cpu": [
        "x64"
      ],
      "license": "MIT",
      "optional": true,
      "os": [
        "darwin"
      ],
      "engines": {
        "node": ">= 10"
      }
    },
    "node_modules/@next/swc-linux-arm64-gnu": {
      "version": "14.0.0",
      "resolved": "http://ec2-65-0-18-97.ap-south-1.compute.amazonaws.com:4873/@next%2fswc-linux-arm64-gnu/-/swc-linux-arm64-gnu-14.0.0.tgz",
      "integrity": "sha512-io7fMkJ28Glj7SH8yvnlD6naIhRDnDxeE55CmpQkj3+uaA2Hko6WGY2pT5SzpQLTnGGnviK85cy8EJ2qsETj/g==",
      "cpu": [
        "arm64"
      ],
      "license": "MIT",
      "optional": true,
      "os": [
        "linux"
      ],
      "engines": {
        "node": ">= 10"
      }
    },
    "node_modules/@next/swc-linux-arm64-musl": {
      "version": "14.0.0",
      "resolved": "http://ec2-65-0-18-97.ap-south-1.compute.amazonaws.com:4873/@next%2fswc-linux-arm64-musl/-/swc-linux-arm64-musl-14.0.0.tgz",
      "integrity": "sha512-nC2h0l1Jt8LEzyQeSs/BKpXAMe0mnHIMykYALWaeddTqCv5UEN8nGO3BG8JAqW/Y8iutqJsaMe2A9itS0d/r8w==",
      "cpu": [
        "arm64"
      ],
      "license": "MIT",
      "optional": true,
      "os": [
        "linux"
      ],
      "engines": {
        "node": ">= 10"
      }
    },
    "node_modules/@next/swc-linux-x64-gnu": {
      "version": "14.0.0",
      "resolved": "http://ec2-65-0-18-97.ap-south-1.compute.amazonaws.com:4873/@next%2fswc-linux-x64-gnu/-/swc-linux-x64-gnu-14.0.0.tgz",
      "integrity": "sha512-Wf+WjXibJQ7hHXOdNOmSMW5bxeJHVf46Pwb3eLSD2L76NrytQlif9NH7JpHuFlYKCQGfKfgSYYre5rIfmnSwQw==",
      "cpu": [
        "x64"
      ],
      "license": "MIT",
      "optional": true,
      "os": [
        "linux"
      ],
      "engines": {
        "node": ">= 10"
      }
    },
    "node_modules/@next/swc-linux-x64-musl": {
      "version": "14.0.0",
      "resolved": "http://ec2-65-0-18-97.ap-south-1.compute.amazonaws.com:4873/@next%2fswc-linux-x64-musl/-/swc-linux-x64-musl-14.0.0.tgz",
      "integrity": "sha512-WTZb2G7B+CTsdigcJVkRxfcAIQj7Lf0ipPNRJ3vlSadU8f0CFGv/ST+sJwF5eSwIe6dxKoX0DG6OljDBaad+rg==",
      "cpu": [
        "x64"
      ],
      "license": "MIT",
      "optional": true,
      "os": [
        "linux"
      ],
      "engines": {
        "node": ">= 10"
      }
    },
    "node_modules/@next/swc-win32-arm64-msvc": {
      "version": "14.0.0",
      "resolved": "http://ec2-65-0-18-97.ap-south-1.compute.amazonaws.com:4873/@next%2fswc-win32-arm64-msvc/-/swc-win32-arm64-msvc-14.0.0.tgz",
      "integrity": "sha512-7R8/x6oQODmNpnWVW00rlWX90sIlwluJwcvMT6GXNIBOvEf01t3fBg0AGURNKdTJg2xNuP7TyLchCL7Lh2DTiw==",
      "cpu": [
        "arm64"
      ],
      "license": "MIT",
      "optional": true,
      "os": [
        "win32"
      ],
      "engines": {
        "node": ">= 10"
      }
    },
    "node_modules/@next/swc-win32-ia32-msvc": {
      "version": "14.0.0",
      "resolved": "http://ec2-65-0-18-97.ap-south-1.compute.amazonaws.com:4873/@next%2fswc-win32-ia32-msvc/-/swc-win32-ia32-msvc-14.0.0.tgz",
      "integrity": "sha512-RLK1nELvhCnxaWPF07jGU4x3tjbyx2319q43loZELqF0+iJtKutZ+Lk8SVmf/KiJkYBc7Cragadz7hb3uQvz4g==",
      "cpu": [
        "ia32"
      ],
      "license": "MIT",
      "optional": true,
      "os": [
        "win32"
      ],
      "engines": {
        "node": ">= 10"
      }
    },
    "node_modules/@next/swc-win32-x64-msvc": {
      "version": "14.0.0",
      "resolved": "http://ec2-65-0-18-97.ap-south-1.compute.amazonaws.com:4873/@next%2fswc-win32-x64-msvc/-/swc-win32-x64-msvc-14.0.0.tgz",
      "integrity": "sha512-g6hLf1SUko+hnnaywQQZzzb3BRecQsoKkF3o/C+F+dOA4w/noVAJngUVkfwF0+2/8FzNznM7ofM6TGZO9svn7w==",
      "cpu": [
        "x64"
      ],
      "license": "MIT",
      "optional": true,
      "os": [
        "win32"
      ],
      "engines": {
        "node": ">= 10"
      }
    },
    "node_modules/@swc/helpers": {
      "version": "0.5.2",
      "resolved": "http://ec2-65-0-18-97.ap-south-1.compute.amazonaws.com:4873/@swc%2fhelpers/-/helpers-0.5.2.tgz",
      "integrity": "sha512-E4KcWTpoLHqwPHLxidpOqQbcrZVgi0rsmmZXUle1jXmJfuIf/UWpczUJ7MZZ5tlxytgJXyp0w4PGkkeLiuIdZw==",
      "license": "Apache-2.0",
      "dependencies": {
        "tslib": "^2.4.0"
      }
    },
    "node_modules/@types/node": {
      "version": "20.8.9",
      "resolved": "http://ec2-65-0-18-97.ap-south-1.compute.amazonaws.com:4873/@types%2fnode/-/node-20.8.9.tgz",
      "integrity": "sha512-UzykFsT3FhHb1h7yD4CA4YhBHq545JC0YnEz41xkipN88eKQtL6rSgocL5tbAP6Ola9Izm/Aw4Ora8He4x0BHg==",
      "dev": true,
      "license": "MIT",
      "dependencies": {
        "undici-types": "~5.26.4"
      }
    },
    "node_modules/@types/prop-types": {
      "version": "15.7.9",
      "resolved": "http://ec2-65-0-18-97.ap-south-1.compute.amazonaws.com:4873/@types%2fprop-types/-/prop-types-15.7.9.tgz",
      "integrity": "sha512-n1yyPsugYNSmHgxDFjicaI2+gCNjsBck8UX9kuofAKlc0h1bL+20oSF72KeNaW2DUlesbEVCFgyV2dPGTiY42g==",
      "dev": true,
      "license": "MIT"
    },
    "node_modules/@types/react": {
      "version": "18.2.33",
      "resolved": "http://ec2-65-0-18-97.ap-south-1.compute.amazonaws.com:4873/@types%2freact/-/react-18.2.33.tgz",
      "integrity": "sha512-v+I7S+hu3PIBoVkKGpSYYpiBT1ijqEzWpzQD62/jm4K74hPpSP7FF9BnKG6+fg2+62weJYkkBWDJlZt5JO/9hg==",
      "dev": true,
      "license": "MIT",
      "dependencies": {
        "@types/prop-types": "*",
        "@types/scheduler": "*",
        "csstype": "^3.0.2"
      }
    },
    "node_modules/@types/react-dom": {
      "version": "18.2.14",
      "resolved": "http://ec2-65-0-18-97.ap-south-1.compute.amazonaws.com:4873/@types%2freact-dom/-/react-dom-18.2.14.tgz",
      "integrity": "sha512-V835xgdSVmyQmI1KLV2BEIUgqEuinxp9O4G6g3FqO/SqLac049E53aysv0oEFD2kHfejeKU+ZqL2bcFWj9gLAQ==",
      "dev": true,
      "license": "MIT",
      "dependencies": {
        "@types/react": "*"
      }
    },
    "node_modules/@types/scheduler": {
      "version": "0.16.5",
      "resolved": "http://ec2-65-0-18-97.ap-south-1.compute.amazonaws.com:4873/@types%2fscheduler/-/scheduler-0.16.5.tgz",
      "integrity": "sha512-s/FPdYRmZR8SjLWGMCuax7r3qCWQw9QKHzXVukAuuIJkXkDRwp+Pu5LMIVFi0Fxbav35WURicYr8u1QsoybnQw==",
      "dev": true,
      "license": "MIT"
    },
    "node_modules/array-flatten": {
      "version": "3.0.0",
      "resolved": "http://ec2-65-0-18-97.ap-south-1.compute.amazonaws.com:4873/array-flatten/-/array-flatten-3.0.0.tgz",
      "integrity": "sha512-zPMVc3ZYlGLNk4mpK1NzP2wg0ml9t7fUgDsayR5Y5rSzxQilzR9FGu/EH2jQOcKSAeAfWeylyW8juy3OkWRvNA==",
      "license": "MIT"
    },
    "node_modules/busboy": {
      "version": "1.6.0",
      "resolved": "http://ec2-65-0-18-97.ap-south-1.compute.amazonaws.com:4873/busboy/-/busboy-1.6.0.tgz",
      "integrity": "sha512-8SFQbg/0hQ9xy3UNTB0YEnsNBbWfhf7RtnzpL7TkBiTBRfrQ9Fxcnz7VJsleJpyp6rVLvXiuORqjlHi5q+PYuA==",
      "dependencies": {
        "streamsearch": "^1.1.0"
      },
      "engines": {
        "node": ">=10.16.0"
      }
    },
    "node_modules/caniuse-lite": {
      "version": "1.0.30001554",
      "resolved": "http://ec2-65-0-18-97.ap-south-1.compute.amazonaws.com:4873/caniuse-lite/-/caniuse-lite-1.0.30001554.tgz",
      "integrity": "sha512-A2E3U//MBwbJVzebddm1YfNp7Nud5Ip+IPn4BozBmn4KqVX7AvluoIDFWjsv5OkGnKUXQVmMSoMKLa3ScCblcQ==",
      "funding": [
        {
          "type": "opencollective",
          "url": "https://opencollective.com/browserslist"
        },
        {
          "type": "tidelift",
          "url": "https://tidelift.com/funding/github/npm/caniuse-lite"
        },
        {
          "type": "github",
          "url": "https://github.com/sponsors/ai"
        }
      ],
      "license": "CC-BY-4.0"
    },
    "node_modules/client-only": {
      "version": "0.0.1",
      "resolved": "http://ec2-65-0-18-97.ap-south-1.compute.amazonaws.com:4873/client-only/-/client-only-0.0.1.tgz",
      "integrity": "sha512-IV3Ou0jSMzZrd3pZ48nLkT9DA7Ag1pnPzaiQhpW7c3RbcqqzvzzVu+L8gfqMp/8IM2MQtSiqaCxrrcfu8I8rMA==",
      "license": "MIT"
    },
    "node_modules/csstype": {
      "version": "3.1.2",
      "resolved": "http://ec2-65-0-18-97.ap-south-1.compute.amazonaws.com:4873/csstype/-/csstype-3.1.2.tgz",
      "integrity": "sha512-I7K1Uu0MBPzaFKg4nI5Q7Vs2t+3gWWW648spaF+Rg7pI9ds18Ugn+lvg4SHczUdKlHI5LWBXyqfS8+DufyBsgQ==",
      "dev": true,
      "license": "MIT"
    },
    "node_modules/debug": {
      "version": "2.6.9",
      "resolved": "http://ec2-65-0-18-97.ap-south-1.compute.amazonaws.com:4873/debug/-/debug-2.6.9.tgz",
      "integrity": "sha512-bC7ElrdJaJnPbAP+1EotYvqZsb3ecl5wi6Bfi6BJTUcNowp6cvspg0jXznRTKDjm/E7AdgFBVeAPVMNcKGsHMA==",
      "license": "MIT",
      "dependencies": {
        "ms": "2.0.0"
      }
    },
    "node_modules/glob-to-regexp": {
      "version": "0.4.1",
      "resolved": "http://ec2-65-0-18-97.ap-south-1.compute.amazonaws.com:4873/glob-to-regexp/-/glob-to-regexp-0.4.1.tgz",
      "integrity": "sha512-lkX1HJXwyMcprw/5YUZc2s7DrpAiHB21/V+E1rHUrVNokkvB6bqMzT0VfV6/86ZNabt1k14YOIaT7nDvOX3Iiw==",
      "license": "BSD-2-Clause"
    },
    "node_modules/graceful-fs": {
      "version": "4.2.11",
      "resolved": "http://ec2-65-0-18-97.ap-south-1.compute.amazonaws.com:4873/graceful-fs/-/graceful-fs-4.2.11.tgz",
      "integrity": "sha512-RbJ5/jmFcNNCcDV5o9eTnBLJ/HszWV0P73bc+Ff4nS/rJj+YaS6IGyiOL0VoBYX+l1Wrl3k63h/KrH+nhJ0XvQ==",
      "license": "ISC"
    },
    "node_modules/js-tokens": {
      "version": "4.0.0",
      "resolved": "http://ec2-65-0-18-97.ap-south-1.compute.amazonaws.com:4873/js-tokens/-/js-tokens-4.0.0.tgz",
      "integrity": "sha512-RdJUflcE3cUzKiMqQgsCu06FPu9UdIJO0beYbPhHN4k6apgJtifcoCtT9bcxOpYBtpD2kCM6Sbzg4CausW/PKQ==",
      "license": "MIT"
    },
    "node_modules/loose-envify": {
      "version": "1.4.0",
      "resolved": "http://ec2-65-0-18-97.ap-south-1.compute.amazonaws.com:4873/loose-envify/-/loose-envify-1.4.0.tgz",
      "integrity": "sha512-lyuxPGr/Wfhrlem2CL/UcnUc1zcqKAImBDzukY7Y5F/yQiNdko6+fRLevlw1HgMySw7f611UIY408EtxRSoK3Q==",
      "license": "MIT",
      "dependencies": {
        "js-tokens": "^3.0.0 || ^4.0.0"
      },
      "bin": {
        "loose-envify": "cli.js"
      }
    },
    "node_modules/methods": {
      "version": "1.1.2",
      "resolved": "http://ec2-65-0-18-97.ap-south-1.compute.amazonaws.com:4873/methods/-/methods-1.1.2.tgz",
      "integrity": "sha1-VSmk1nZUE07cxSZmVoNbD4Ua/O4=",
      "license": "MIT",
      "engines": {
        "node": ">= 0.6"
      }
    },
    "node_modules/ms": {
      "version": "2.0.0",
      "resolved": "http://ec2-65-0-18-97.ap-south-1.compute.amazonaws.com:4873/ms/-/ms-2.0.0.tgz",
      "integrity": "sha1-VgiurfwAvmwpAd9fmGF4jeDVl8g=",
      "license": "MIT"
    },
    "node_modules/nanoid": {
      "version": "3.3.6",
      "resolved": "http://ec2-65-0-18-97.ap-south-1.compute.amazonaws.com:4873/nanoid/-/nanoid-3.3.6.tgz",
      "integrity": "sha512-BGcqMMJuToF7i1rt+2PWSNVnWIkGCU78jBG3RxO/bZlnZPK2Cmi2QaffxGO/2RvWi9sL+FAiRiXMgsyxQ1DIDA==",
      "funding": [
        {
          "type": "github",
          "url": "https://github.com/sponsors/ai"
        }
      ],
      "license": "MIT",
      "bin": {
        "nanoid": "bin/nanoid.cjs"
      },
      "engines": {
        "node": "^10 || ^12 || ^13.7 || ^14 || >=15.0.1"
      }
    },
    "node_modules/next": {
      "version": "14.0.0",
      "resolved": "http://ec2-65-0-18-97.ap-south-1.compute.amazonaws.com:4873/next/-/next-14.0.0.tgz",
      "integrity": "sha512-J0jHKBJpB9zd4+c153sair0sz44mbaCHxggs8ryVXSFBuBqJ8XdE9/ozoV85xGh2VnSjahwntBZZgsihL9QznA==",
      "license": "MIT",
      "dependencies": {
        "@next/env": "14.0.0",
        "@swc/helpers": "0.5.2",
        "busboy": "1.6.0",
        "caniuse-lite": "^1.0.30001406",
        "postcss": "8.4.31",
        "styled-jsx": "5.1.1",
        "watchpack": "2.4.0"
      },
      "bin": {
        "next": "dist/bin/next"
      },
      "engines": {
        "node": ">=18.17.0"
      },
      "optionalDependencies": {
        "@next/swc-darwin-arm64": "14.0.0",
        "@next/swc-darwin-x64": "14.0.0",
        "@next/swc-linux-arm64-gnu": "14.0.0",
        "@next/swc-linux-arm64-musl": "14.0.0",
        "@next/swc-linux-x64-gnu": "14.0.0",
        "@next/swc-linux-x64-musl": "14.0.0",
        "@next/swc-win32-arm64-msvc": "14.0.0",
        "@next/swc-win32-ia32-msvc": "14.0.0",
        "@next/swc-win32-x64-msvc": "14.0.0"
      },
      "peerDependencies": {
        "@opentelemetry/api": "^1.1.0",
        "react": "^18.2.0",
        "react-dom": "^18.2.0",
        "sass": "^1.3.0"
      },
      "peerDependenciesMeta": {
        "@opentelemetry/api": {
          "optional": true
        },
        "sass": {
          "optional": true
        }
      }
    },
    "node_modules/parseurl": {
      "version": "1.3.3",
      "resolved": "http://ec2-65-0-18-97.ap-south-1.compute.amazonaws.com:4873/parseurl/-/parseurl-1.3.3.tgz",
      "integrity": "sha512-CiyeOxFT/JZyN5m0z9PfXw4SCBJ6Sygz1Dpl0wqjlhDEGGBP1GnsUVEL0p63hoG1fcj3fHynXi9NYO4nWOL+qQ==",
      "license": "MIT",
      "engines": {
        "node": ">= 0.8"
      }
    },
    "node_modules/path-to-regexp": {
      "version": "0.1.7",
      "resolved": "http://ec2-65-0-18-97.ap-south-1.compute.amazonaws.com:4873/path-to-regexp/-/path-to-regexp-0.1.7.tgz",
      "integrity": "sha1-32BBeABfUi8V60SQ5yR6G/qmf4w=",
      "license": "MIT"
    },
    "node_modules/picocolors": {
      "version": "1.0.0",
      "resolved": "http://ec2-65-0-18-97.ap-south-1.compute.amazonaws.com:4873/picocolors/-/picocolors-1.0.0.tgz",
      "integrity": "sha512-1fygroTLlHu66zi26VoTDv8yRgm0Fccecssto+MhsZ0D/DGW2sm8E8AjW7NU5VVTRt5GxbeZ5qBuJr+HyLYkjQ==",
      "license": "ISC"
    },
    "node_modules/postcss": {
      "version": "8.4.31",
      "resolved": "http://ec2-65-0-18-97.ap-south-1.compute.amazonaws.com:4873/postcss/-/postcss-8.4.31.tgz",
      "integrity": "sha512-PS08Iboia9mts/2ygV3eLpY5ghnUcfLV/EXTOW1E2qYxJKGGBUtNjN76FYHnMs36RmARn41bC0AZmn+rR0OVpQ==",
      "funding": [
        {
          "type": "opencollective",
          "url": "https://opencollective.com/postcss/"
        },
        {
          "type": "tidelift",
          "url": "https://tidelift.com/funding/github/npm/postcss"
        },
        {
          "type": "github",
          "url": "https://github.com/sponsors/ai"
        }
      ],
      "license": "MIT",
      "dependencies": {
        "nanoid": "^3.3.6",
        "picocolors": "^1.0.0",
        "source-map-js": "^1.0.2"
      },
      "engines": {
        "node": "^10 || ^12 || >=14"
      }
    },
    "node_modules/react": {
      "version": "18.2.0",
      "resolved": "http://ec2-65-0-18-97.ap-south-1.compute.amazonaws.com:4873/react/-/react-18.2.0.tgz",
      "integrity": "sha512-/3IjMdb2L9QbBdWiW5e3P2/npwMBaU9mHCSCUzNln0ZCYbcfTsGbTJrU/kGemdH2IWmB2ioZ+zkxtmq6g09fGQ==",
      "license": "MIT",
      "dependencies": {
        "loose-envify": "^1.1.0"
      },
      "engines": {
        "node": ">=0.10.0"
      }
    },
    "node_modules/react-dom": {
      "version": "18.2.0",
      "resolved": "http://ec2-65-0-18-97.ap-south-1.compute.amazonaws.com:4873/react-dom/-/react-dom-18.2.0.tgz",
      "integrity": "sha512-6IMTriUmvsjHUjNtEDudZfuDQUoWXVxKHhlEGSk81n4YFS+r/Kl99wXiwlVXtPBtJenozv2P+hxDsw9eA7Xo6g==",
      "license": "MIT",
      "dependencies": {
        "loose-envify": "^1.1.0",
        "scheduler": "^0.23.0"
      },
      "peerDependencies": {
        "react": "^18.2.0"
      }
    },
    "node_modules/router": {
      "version": "1.3.8",
      "resolved": "http://ec2-65-0-18-97.ap-south-1.compute.amazonaws.com:4873/router/-/router-1.3.8.tgz",
      "integrity": "sha512-461UFH44NtSfIlS83PUg2N7OZo86BC/kB3dY77gJdsODsBhhw7+2uE0tzTINxrY9CahCUVk1VhpWCA5i1yoIEg==",
      "license": "MIT",
      "dependencies": {
        "array-flatten": "3.0.0",
        "debug": "2.6.9",
        "methods": "~1.1.2",
        "parseurl": "~1.3.3",
        "path-to-regexp": "0.1.7",
        "setprototypeof": "1.2.0",
        "utils-merge": "1.0.1"
      },
      "engines": {
        "node": ">= 0.8"
      }
    },
    "node_modules/scheduler": {
      "version": "0.23.0",
      "resolved": "http://ec2-65-0-18-97.ap-south-1.compute.amazonaws.com:4873/scheduler/-/scheduler-0.23.0.tgz",
      "integrity": "sha512-CtuThmgHNg7zIZWAXi3AsyIzA3n4xx7aNyjwC2VJldO2LMVDhFK+63xGqq6CsJH4rTAt6/M+N4GhZiDYPx9eUw==",
      "license": "MIT",
      "dependencies": {
        "loose-envify": "^1.1.0"
      }
    },
    "node_modules/setprototypeof": {
      "version": "1.2.0",
      "resolved": "http://ec2-65-0-18-97.ap-south-1.compute.amazonaws.com:4873/setprototypeof/-/setprototypeof-1.2.0.tgz",
      "integrity": "sha512-E5LDX7Wrp85Kil5bhZv46j8jOeboKq5JMmYM3gVGdGH8xFpPWXUMsNrlODCrkoxMEeNi/XZIwuRvY4XNwYMJpw==",
      "license": "ISC"
    },
    "node_modules/source-map-js": {
      "version": "1.0.2",
      "resolved": "http://ec2-65-0-18-97.ap-south-1.compute.amazonaws.com:4873/source-map-js/-/source-map-js-1.0.2.tgz",
      "integrity": "sha512-R0XvVJ9WusLiqTCEiGCmICCMplcCkIwwR11mOSD9CR5u+IXYdiseeEuXCVAjS54zqwkLcPNnmU4OeJ6tUrWhDw==",
      "license": "BSD-3-Clause",
      "engines": {
        "node": ">=0.10.0"
      }
    },
    "node_modules/streamsearch": {
      "version": "1.1.0",
      "resolved": "http://ec2-65-0-18-97.ap-south-1.compute.amazonaws.com:4873/streamsearch/-/streamsearch-1.1.0.tgz",
      "integrity": "sha512-Mcc5wHehp9aXz1ax6bZUyY5afg9u2rv5cqQI3mRrYkGC8rW2hM02jWuwjtL++LS5qinSyhj2QfLyNsuc+VsExg==",
      "engines": {
        "node": ">=10.0.0"
      }
    },
    "node_modules/styled-jsx": {
      "version": "5.1.1",
      "resolved": "http://ec2-65-0-18-97.ap-south-1.compute.amazonaws.com:4873/styled-jsx/-/styled-jsx-5.1.1.tgz",
      "integrity": "sha512-pW7uC1l4mBZ8ugbiZrcIsiIvVx1UmTfw7UkC3Um2tmfUq9Bhk8IiyEIPl6F8agHgjzku6j0xQEZbfA5uSgSaCw==",
      "license": "MIT",
      "dependencies": {
        "client-only": "0.0.1"
      },
      "engines": {
        "node": ">= 12.0.0"
      },
      "peerDependencies": {
        "react": ">= 16.8.0 || 17.x.x || ^18.0.0-0"
      },
      "peerDependenciesMeta": {
        "@babel/core": {
          "optional": true
        },
        "babel-plugin-macros": {
          "optional": true
        }
      }
    },
    "node_modules/tslib": {
      "version": "2.6.2",
      "resolved": "http://ec2-65-0-18-97.ap-south-1.compute.amazonaws.com:4873/tslib/-/tslib-2.6.2.tgz",
      "integrity": "sha512-AEYxH93jGFPn/a2iVAwW87VuUIkR1FVUKB77NwMF7nBTDkDrrT/Hpt/IrCJ0QXhW27jTBDcf5ZY7w6RiqTMw2Q==",
      "license": "0BSD"
    },
    "node_modules/typescript": {
      "version": "5.2.2",
      "resolved": "http://ec2-65-0-18-97.ap-south-1.compute.amazonaws.com:4873/typescript/-/typescript-5.2.2.tgz",
      "integrity": "sha512-mI4WrpHsbCIcwT9cF4FZvr80QUeKvsUsUvKDoR+X/7XHQH98xYD8YHZg7ANtz2GtZt/CBq2QJ0thkGJMHfqc1w==",
      "dev": true,
      "license": "Apache-2.0",
      "bin": {
        "tsc": "bin/tsc",
        "tsserver": "bin/tsserver"
      },
      "engines": {
        "node": ">=14.17"
      }
    },
    "node_modules/undici-types": {
      "version": "5.26.5",
      "resolved": "http://ec2-65-0-18-97.ap-south-1.compute.amazonaws.com:4873/undici-types/-/undici-types-5.26.5.tgz",
      "integrity": "sha512-JlCMO+ehdEIKqlFxk6IfVoAUVmgz7cU7zD/h9XZ0qzeosSHmUJVOzSQvvYSYWXkFXC+IfLKSIffhv0sVZup6pA==",
      "dev": true,
      "license": "MIT"
    },
    "node_modules/utils-merge": {
      "version": "1.0.1",
      "resolved": "http://ec2-65-0-18-97.ap-south-1.compute.amazonaws.com:4873/utils-merge/-/utils-merge-1.0.1.tgz",
      "integrity": "sha1-n5VxD1CiZ5R7LMwSR0HBAoQn5xM=",
      "license": "MIT",
      "engines": {
        "node": ">= 0.4.0"
      }
    },
    "node_modules/watchpack": {
      "version": "2.4.0",
      "resolved": "http://ec2-65-0-18-97.ap-south-1.compute.amazonaws.com:4873/watchpack/-/watchpack-2.4.0.tgz",
      "integrity": "sha512-Lcvm7MGST/4fup+ifyKi2hjyIAwcdI4HRgtvTpIUxBRhB+RFtUh8XtDOxUfctVCnhVi+QQj49i91OyvzkJl6cg==",
      "license": "MIT",
      "dependencies": {
        "glob-to-regexp": "^0.4.1",
        "graceful-fs": "^4.1.2"
      },
      "engines": {
        "node": ">=10.13.0"
      }
    }
  }
}
